
Microsoft Visual Studio Solution File, Format Version 12.00
# Visual Studio 2013
VisualStudioVersion = 12.0.30723.0
MinimumVisualStudioVersion = 10.0.40219.1
Project("{FAE04EC0-301F-11D3-BF4B-00C04F79EFBC}") = "Calculator.Core", "Calculator.Core\Calculator.Core.csproj", "{DCE6CA9D-501D-4A73-B559-B19A23C5BE30}"
EndProject
Project("{FAE04EC0-301F-11D3-BF4B-00C04F79EFBC}") = "Calculator.Test", "Calculator.Test\Calculator.Test.csproj", "{273BE303-D68F-46FD-A002-67818E65C760}"
EndProject
Global
	GlobalSection(SolutionConfigurationPlatforms) = preSolution
		Debug|Any CPU = Debug|Any CPU
		Release|Any CPU = Release|Any CPU
	EndGlobalSection
	GlobalSection(ProjectConfigurationPlatforms) = postSolution
		{DCE6CA9D-501D-4A73-B559-B19A23C5BE30}.Debug|Any CPU.ActiveCfg = Debug|Any CPU
		{DCE6CA9D-501D-4A73-B559-B19A23C5BE30}.Debug|Any CPU.Build.0 = Debug|Any CPU
		{DCE6CA9D-501D-4A73-B559-B19A23C5BE30}.Release|Any CPU.ActiveCfg = Release|Any CPU
		{DCE6CA9D-501D-4A73-B559-B19A23C5BE30}.Release|Any CPU.Build.0 = Release|Any CPU
		{273BE303-D68F-46FD-A002-67818E65C760}.Debug|Any CPU.ActiveCfg = Debug|Any CPU
		{273BE303-D68F-46FD-A002-67818E65C760}.Debug|Any CPU.Build.0 = Debug|Any CPU
		{273BE303-D68F-46FD-A002-67818E65C760}.Release|Any CPU.ActiveCfg = Release|Any CPU
		{273BE303-D68F-46FD-A002-67818E65C760}.Release|Any CPU.Build.0 = Release|Any CPU
	EndGlobalSection
	GlobalSection(SolutionProperties) = preSolution
		HideSolutionNode = FALSE
	EndGlobalSection
EndGlobal
